
Microsoft Visual Studio Solution File, Format Version 12.00
# Visual Studio Version 17
VisualStudioVersion = 17.13.35818.85 d17.13
MinimumVisualStudioVersion = 10.0.40219.1
Project("{FAE04EC0-301F-11D3-BF4B-00C04F79EFBC}") = "WebApplication1", "WebApplication1\WebApplication1.csproj", "{359B5FA8-6314-4A91-A974-346D68CED57F}"
EndProject
Global
	GlobalSection(SolutionConfigurationPlatforms) = preSolution
		Debug|Any CPU = Debug|Any CPU
		Release|Any CPU = Release|Any CPU
	EndGlobalSection
	GlobalSection(ProjectConfigurationPlatforms) = postSolution
		{359B5FA8-6314-4A91-A974-346D68CED57F}.Debug|Any CPU.ActiveCfg = Debug|Any CPU
		{359B5FA8-6314-4A91-A974-346D68CED57F}.Debug|Any CPU.Build.0 = Debug|Any CPU
		{359B5FA8-6314-4A91-A974-346D68CED57F}.Release|Any CPU.ActiveCfg = Release|Any CPU
		{359B5FA8-6314-4A91-A974-346D68CED57F}.Release|Any CPU.Build.0 = Release|Any CPU
	EndGlobalSection
	GlobalSection(SolutionProperties) = preSolution
		HideSolutionNode = FALSE
	EndGlobalSection
	GlobalSection(ExtensibilityGlobals) = postSolution
		SolutionGuid = {0E05EA3C-B5F7-4793-8682-7234CC0D96EA}
	EndGlobalSection
EndGlobal
